
Microsoft Visual Studio Solution File, Format Version 12.00
# Visual Studio Version 16
VisualStudioVersion = 16.6.30114.105
MinimumVisualStudioVersion = 10.0.40219.1
Project("{FAE04EC0-301F-11D3-BF4B-00C04F79EFBC}") = "Common", "Common\Common.csproj", "{D9800282-12DF-4DF8-BCD9-F2EE0BBA24F4}"
EndProject
Project("{FAE04EC0-301F-11D3-BF4B-00C04F79EFBC}") = "StandardQueue", "1. StandardQueue\StandardQueue.csproj", "{4B1EA1FB-FC5C-4994-AAAD-4CAF917BA6A1}"
EndProject
Project("{2150E333-8FDC-42A3-9474-1A3956D46DE8}") = "2. Worker Queue", "2. Worker Queue", "{376B0970-2DE7-4020-AA1F-58AFDC3DA21B}"
EndProject
Project("{FAE04EC0-301F-11D3-BF4B-00C04F79EFBC}") = "WorkerQueue Consumer", "2. Worker Queue\WorkerQueue Consumer\WorkerQueue Consumer.csproj", "{084B446A-FA91-46F8-A418-3550C4B64DE2}"
EndProject
Project("{FAE04EC0-301F-11D3-BF4B-00C04F79EFBC}") = "WorkerQueue Producer", "2. Worker Queue\WorkerQueue Producer\WorkerQueue Producer.csproj", "{3C7A67C3-DE7F-4FB9-BCAB-836F274914B7}"
EndProject
Global
	GlobalSection(SolutionConfigurationPlatforms) = preSolution
		Debug|Any CPU = Debug|Any CPU
		Debug|x64 = Debug|x64
		Debug|x86 = Debug|x86
		Release|Any CPU = Release|Any CPU
		Release|x64 = Release|x64
		Release|x86 = Release|x86
	EndGlobalSection
	GlobalSection(SolutionProperties) = preSolution
		HideSolutionNode = FALSE
	EndGlobalSection
	GlobalSection(ProjectConfigurationPlatforms) = postSolution
		{D9800282-12DF-4DF8-BCD9-F2EE0BBA24F4}.Debug|Any CPU.ActiveCfg = Debug|Any CPU
		{D9800282-12DF-4DF8-BCD9-F2EE0BBA24F4}.Debug|Any CPU.Build.0 = Debug|Any CPU
		{D9800282-12DF-4DF8-BCD9-F2EE0BBA24F4}.Debug|x64.ActiveCfg = Debug|Any CPU
		{D9800282-12DF-4DF8-BCD9-F2EE0BBA24F4}.Debug|x64.Build.0 = Debug|Any CPU
		{D9800282-12DF-4DF8-BCD9-F2EE0BBA24F4}.Debug|x86.ActiveCfg = Debug|Any CPU
		{D9800282-12DF-4DF8-BCD9-F2EE0BBA24F4}.Debug|x86.Build.0 = Debug|Any CPU
		{D9800282-12DF-4DF8-BCD9-F2EE0BBA24F4}.Release|Any CPU.ActiveCfg = Release|Any CPU
		{D9800282-12DF-4DF8-BCD9-F2EE0BBA24F4}.Release|Any CPU.Build.0 = Release|Any CPU
		{D9800282-12DF-4DF8-BCD9-F2EE0BBA24F4}.Release|x64.ActiveCfg = Release|Any CPU
		{D9800282-12DF-4DF8-BCD9-F2EE0BBA24F4}.Release|x64.Build.0 = Release|Any CPU
		{D9800282-12DF-4DF8-BCD9-F2EE0BBA24F4}.Release|x86.ActiveCfg = Release|Any CPU
		{D9800282-12DF-4DF8-BCD9-F2EE0BBA24F4}.Release|x86.Build.0 = Release|Any CPU
		{4B1EA1FB-FC5C-4994-AAAD-4CAF917BA6A1}.Debug|Any CPU.ActiveCfg = Debug|Any CPU
		{4B1EA1FB-FC5C-4994-AAAD-4CAF917BA6A1}.Debug|Any CPU.Build.0 = Debug|Any CPU
		{4B1EA1FB-FC5C-4994-AAAD-4CAF917BA6A1}.Debug|x64.ActiveCfg = Debug|Any CPU
		{4B1EA1FB-FC5C-4994-AAAD-4CAF917BA6A1}.Debug|x64.Build.0 = Debug|Any CPU
		{4B1EA1FB-FC5C-4994-AAAD-4CAF917BA6A1}.Debug|x86.ActiveCfg = Debug|Any CPU
		{4B1EA1FB-FC5C-4994-AAAD-4CAF917BA6A1}.Debug|x86.Build.0 = Debug|Any CPU
		{4B1EA1FB-FC5C-4994-AAAD-4CAF917BA6A1}.Release|Any CPU.ActiveCfg = Release|Any CPU
		{4B1EA1FB-FC5C-4994-AAAD-4CAF917BA6A1}.Release|Any CPU.Build.0 = Release|Any CPU
		{4B1EA1FB-FC5C-4994-AAAD-4CAF917BA6A1}.Release|x64.ActiveCfg = Release|Any CPU
		{4B1EA1FB-FC5C-4994-AAAD-4CAF917BA6A1}.Release|x64.Build.0 = Release|Any CPU
		{4B1EA1FB-FC5C-4994-AAAD-4CAF917BA6A1}.Release|x86.ActiveCfg = Release|Any CPU
		{4B1EA1FB-FC5C-4994-AAAD-4CAF917BA6A1}.Release|x86.Build.0 = Release|Any CPU
		{C57CB053-6AE3-4AA5-95B3-365FEBA34E71}.Debug|Any CPU.ActiveCfg = Debug|Any CPU
		{C57CB053-6AE3-4AA5-95B3-365FEBA34E71}.Debug|Any CPU.Build.0 = Debug|Any CPU
		{C57CB053-6AE3-4AA5-95B3-365FEBA34E71}.Debug|x64.ActiveCfg = Debug|Any CPU
		{C57CB053-6AE3-4AA5-95B3-365FEBA34E71}.Debug|x64.Build.0 = Debug|Any CPU
		{C57CB053-6AE3-4AA5-95B3-365FEBA34E71}.Debug|x86.ActiveCfg = Debug|Any CPU
		{C57CB053-6AE3-4AA5-95B3-365FEBA34E71}.Debug|x86.Build.0 = Debug|Any CPU
		{C57CB053-6AE3-4AA5-95B3-365FEBA34E71}.Release|Any CPU.ActiveCfg = Release|Any CPU
		{C57CB053-6AE3-4AA5-95B3-365FEBA34E71}.Release|Any CPU.Build.0 = Release|Any CPU
		{C57CB053-6AE3-4AA5-95B3-365FEBA34E71}.Release|x64.ActiveCfg = Release|Any CPU
		{C57CB053-6AE3-4AA5-95B3-365FEBA34E71}.Release|x64.Build.0 = Release|Any CPU
		{C57CB053-6AE3-4AA5-95B3-365FEBA34E71}.Release|x86.ActiveCfg = Release|Any CPU
		{C57CB053-6AE3-4AA5-95B3-365FEBA34E71}.Release|x86.Build.0 = Release|Any CPU		
		{084B446A-FA91-46F8-A418-3550C4B64DE2}.Debug|Any CPU.ActiveCfg = Debug|Any CPU
		{084B446A-FA91-46F8-A418-3550C4B64DE2}.Debug|Any CPU.Build.0 = Debug|Any CPU
		{084B446A-FA91-46F8-A418-3550C4B64DE2}.Debug|x64.ActiveCfg = Debug|Any CPU
		{084B446A-FA91-46F8-A418-3550C4B64DE2}.Debug|x64.Build.0 = Debug|Any CPU
		{084B446A-FA91-46F8-A418-3550C4B64DE2}.Debug|x86.ActiveCfg = Debug|Any CPU
		{084B446A-FA91-46F8-A418-3550C4B64DE2}.Debug|x86.Build.0 = Debug|Any CPU
		{084B446A-FA91-46F8-A418-3550C4B64DE2}.Release|Any CPU.ActiveCfg = Release|Any CPU
		{084B446A-FA91-46F8-A418-3550C4B64DE2}.Release|Any CPU.Build.0 = Release|Any CPU
		{084B446A-FA91-46F8-A418-3550C4B64DE2}.Release|x64.ActiveCfg = Release|Any CPU
		{084B446A-FA91-46F8-A418-3550C4B64DE2}.Release|x64.Build.0 = Release|Any CPU
		{084B446A-FA91-46F8-A418-3550C4B64DE2}.Release|x86.ActiveCfg = Release|Any CPU
		{084B446A-FA91-46F8-A418-3550C4B64DE2}.Release|x86.Build.0 = Release|Any CPU
		{3C7A67C3-DE7F-4FB9-BCAB-836F274914B7}.Debug|Any CPU.ActiveCfg = Debug|Any CPU
		{3C7A67C3-DE7F-4FB9-BCAB-836F274914B7}.Debug|Any CPU.Build.0 = Debug|Any CPU
		{3C7A67C3-DE7F-4FB9-BCAB-836F274914B7}.Debug|x64.ActiveCfg = Debug|Any CPU
		{3C7A67C3-DE7F-4FB9-BCAB-836F274914B7}.Debug|x64.Build.0 = Debug|Any CPU
		{3C7A67C3-DE7F-4FB9-BCAB-836F274914B7}.Debug|x86.ActiveCfg = Debug|Any CPU
		{3C7A67C3-DE7F-4FB9-BCAB-836F274914B7}.Debug|x86.Build.0 = Debug|Any CPU
		{3C7A67C3-DE7F-4FB9-BCAB-836F274914B7}.Release|Any CPU.ActiveCfg = Release|Any CPU
		{3C7A67C3-DE7F-4FB9-BCAB-836F274914B7}.Release|Any CPU.Build.0 = Release|Any CPU
		{3C7A67C3-DE7F-4FB9-BCAB-836F274914B7}.Release|x64.ActiveCfg = Release|Any CPU
		{3C7A67C3-DE7F-4FB9-BCAB-836F274914B7}.Release|x64.Build.0 = Release|Any CPU
		{3C7A67C3-DE7F-4FB9-BCAB-836F274914B7}.Release|x86.ActiveCfg = Release|Any CPU
		{3C7A67C3-DE7F-4FB9-BCAB-836F274914B7}.Release|x86.Build.0 = Release|Any CPU
	EndGlobalSection
	GlobalSection(NestedProjects) = preSolution
		{084B446A-FA91-46F8-A418-3550C4B64DE2} = {376B0970-2DE7-4020-AA1F-58AFDC3DA21B}
		{3C7A67C3-DE7F-4FB9-BCAB-836F274914B7} = {376B0970-2DE7-4020-AA1F-58AFDC3DA21B}
	EndGlobalSection
EndGlobal
